
Microsoft Visual Studio Solution File, Format Version 12.00
# Visual Studio Version 16
VisualStudioVersion = 16.0.30517.126
MinimumVisualStudioVersion = 10.0.40219.1
Project("{FAE04EC0-301F-11D3-BF4B-00C04F79EFBC}") = "VaccineTrackingSystem", "VaccineTrackingSystem\VaccineTrackingSystem.csproj", "{487A7FA2-60D1-4FE4-87B1-9D1A00A8218A}"
EndProject
Global
	GlobalSection(SolutionConfigurationPlatforms) = preSolution
		Debug|Any CPU = Debug|Any CPU
		Release|Any CPU = Release|Any CPU
	EndGlobalSection
	GlobalSection(ProjectConfigurationPlatforms) = postSolution
		{487A7FA2-60D1-4FE4-87B1-9D1A00A8218A}.Debug|Any CPU.ActiveCfg = Debug|Any CPU
		{487A7FA2-60D1-4FE4-87B1-9D1A00A8218A}.Debug|Any CPU.Build.0 = Debug|Any CPU
		{487A7FA2-60D1-4FE4-87B1-9D1A00A8218A}.Release|Any CPU.ActiveCfg = Release|Any CPU
		{487A7FA2-60D1-4FE4-87B1-9D1A00A8218A}.Release|Any CPU.Build.0 = Release|Any CPU
	EndGlobalSection
	GlobalSection(SolutionProperties) = preSolution
		HideSolutionNode = FALSE
	EndGlobalSection
	GlobalSection(ExtensibilityGlobals) = postSolution
		SolutionGuid = {C47F5CC9-C50E-40FA-AAC4-2BB7F623401E}
	EndGlobalSection
EndGlobal
